
Microsoft Visual Studio Solution File, Format Version 12.00
# Visual Studio 15
VisualStudioVersion = 15.0.28307.329
MinimumVisualStudioVersion = 10.0.40219.1
Project("{D2ABAB84-BF74-430A-B69E-9DC6D40DDA17}") = "Analysis Services Tutorial", "..\Analysis Services Tutorial\Analysis Services Tutorial.dwproj", "{BF27A319-FEB8-43C6-9743-919BDE361A50}"
EndProject
Global
	GlobalSection(SolutionConfigurationPlatforms) = preSolution
		Development|Default = Development|Default
	EndGlobalSection
	GlobalSection(ProjectConfigurationPlatforms) = postSolution
		{BF27A319-FEB8-43C6-9743-919BDE361A50}.Development|Default.ActiveCfg = Development
		{BF27A319-FEB8-43C6-9743-919BDE361A50}.Development|Default.Build.0 = Development
		{BF27A319-FEB8-43C6-9743-919BDE361A50}.Development|Default.Deploy.0 = Development
	EndGlobalSection
	GlobalSection(SolutionProperties) = preSolution
		HideSolutionNode = FALSE
	EndGlobalSection
	GlobalSection(ExtensibilityGlobals) = postSolution
		SolutionGuid = {E7719CD5-994E-4E52-862C-4DDD16A6061C}
	EndGlobalSection
EndGlobal
