
Microsoft Visual Studio Solution File, Format Version 12.00
# Visual Studio 15
VisualStudioVersion = 15.0.28307.329
MinimumVisualStudioVersion = 10.0.40219.1
Project("{D2ABAB84-BF74-430A-B69E-9DC6D40DDA17}") = "Analysis Services Tutorial", "Analysis Services Tutorial\Analysis Services Tutorial.dwproj", "{D4C4B6BD-E231-4D74-A5F3-3633F8250D86}"
EndProject
Global
	GlobalSection(SolutionConfigurationPlatforms) = preSolution
		Development|Default = Development|Default
	EndGlobalSection
	GlobalSection(ProjectConfigurationPlatforms) = postSolution
		{D4C4B6BD-E231-4D74-A5F3-3633F8250D86}.Development|Default.ActiveCfg = Development
		{D4C4B6BD-E231-4D74-A5F3-3633F8250D86}.Development|Default.Build.0 = Development
		{D4C4B6BD-E231-4D74-A5F3-3633F8250D86}.Development|Default.Deploy.0 = Development
	EndGlobalSection
	GlobalSection(SolutionProperties) = preSolution
		HideSolutionNode = FALSE
	EndGlobalSection
	GlobalSection(ExtensibilityGlobals) = postSolution
		SolutionGuid = {B4B41929-16FF-4D37-9833-035BDACAD9E1}
	EndGlobalSection
EndGlobal
